// !$*UTF8*$!
{
	archiveVersion = 1;
	classes = {
	};
	objectVersion = 46;
	objects = {

/* Begin PBXBuildFile section */
		ABB6AA901E73B79200ADD236 /* AppDelegate.swift in Sources */ = {isa = PBXBuildFile; fileRef = ABB6AA8F1E73B79200ADD236 /* AppDelegate.swift */; };
		ABB6AA921E73B79200ADD236 /* ViewController.swift in Sources */ = {isa = PBXBuildFile; fileRef = ABB6AA911E73B79200ADD236 /* ViewController.swift */; };
		ABB6AA951E73B79200ADD236 /* Main.storyboard in Resources */ = {isa = PBXBuildFile; fileRef = ABB6AA931E73B79200ADD236 /* Main.storyboard */; };
		ABB6AA971E73B79200ADD236 /* Assets.xcassets in Resources */ = {isa = PBXBuildFile; fileRef = ABB6AA961E73B79200ADD236 /* Assets.xcassets */; };
		ABB6AA9A1E73B79200ADD236 /* LaunchScreen.storyboard in Resources */ = {isa = PBXBuildFile; fileRef = ABB6AA981E73B79200ADD236 /* LaunchScreen.storyboard */; };
		ABB6AAA51E73B79200ADD236 /* TipAppTests.swift in Sources */ = {isa = PBXBuildFile; fileRef = ABB6AAA41E73B79200ADD236 /* TipAppTests.swift */; };
		ABF692A21E74F1EE00FC69A8 /* SettingsViewController.swift in Sources */ = {isa = PBXBuildFile; fileRef = ABF692A11E74F1EE00FC69A8 /* SettingsViewController.swift */; };
/* End PBXBuildFile section */

/* Begin PBXContainerItemProxy section */
		ABB6AAA11E73B79200ADD236 /* PBXContainerItemProxy */ = {
			isa = PBXContainerItemProxy;
			containerPortal = ABB6AA841E73B79200ADD236 /* Project object */;
			proxyType = 1;
			remoteGlobalIDString = ABB6AA8B1E73B79200ADD236;
			remoteInfo = TipApp;
		};
/* End PBXContainerItemProxy section */

/* Begin PBXFileReference section */
		ABB6AA8C1E73B79200ADD236 /* TipApp.app */ = {isa = PBXFileReference; explicitFileType = wrapper.application; includeInIndex = 0; path = TipApp.app; sourceTree = BUILT_PRODUCTS_DIR; };
		ABB6AA8F1E73B79200ADD236 /* AppDelegate.swift */ = {isa = PBXFileReference; lastKnownFileType = sourcecode.swift; path = AppDelegate.swift; sourceTree = "<group>"; };
		ABB6AA911E73B79200ADD236 /* ViewController.swift */ = {isa = PBXFileReference; lastKnownFileType = sourcecode.swift; path = ViewController.swift; sourceTree = "<group>"; };
		ABB6AA941E73B79200ADD236 /* Base */ = {isa = PBXFileReference; lastKnownFileType = file.storyboard; name = Base; path = Base.lproj/Main.storyboard; sourceTree = "<group>"; };
		ABB6AA961E73B79200ADD236 /* Assets.xcassets */ = {isa = PBXFileReference; lastKnownFileType = folder.assetcatalog; path = Assets.xcassets; sourceTree = "<group>"; };
		ABB6AA991E73B79200ADD236 /* Base */ = {isa = PBXFileReference; lastKnownFileType = file.storyboard; name = Base; path = Base.lproj/LaunchScreen.storyboard; sourceTree = "<group>"; };
		ABB6AA9B1E73B79200ADD236 /* Info.plist */ = {isa = PBXFileReference; lastKnownFileType = text.plist.xml; path = Info.plist; sourceTree = "<group>"; };
		ABB6AAA01E73B79200ADD236 /* TipAppTests.xctest */ = {isa = PBXFileReference; explicitFileType = wrapper.cfbundle; includeInIndex = 0; path = TipAppTests.xctest; sourceTree = BUILT_PRODUCTS_DIR; };
		ABB6AAA41E73B79200ADD236 /* TipAppTests.swift */ = {isa = PBXFileReference; lastKnownFileType = sourcecode.swift; path = TipAppTests.swift; sourceTree = "<group>"; };
		ABB6AAA61E73B79200ADD236 /* Info.plist */ = {isa = PBXFileReference; lastKnownFileType = text.plist.xml; path = Info.plist; sourceTree = "<group>"; };
		ABF692A11E74F1EE00FC69A8 /* SettingsViewController.swift */ = {isa = PBXFileReference; fileEncoding = 4; lastKnownFileType = sourcecode.swift; path = SettingsViewController.swift; sourceTree = "<group>"; };
/* End PBXFileReference section */

/* Begin PBXFrameworksBuildPhase section */
		ABB6AA891E73B79200ADD236 /* Frameworks */ = {
			isa = PBXFrameworksBuildPhase;
			buildActionMask = 2147483647;
			files = (
			);
			runOnlyForDeploymentPostprocessing = 0;
		};
		ABB6AA9D1E73B79200ADD236 /* Frameworks */ = {
			isa = PBXFrameworksBuildPhase;
			buildActionMask = 2147483647;
			files = (
			);
			runOnlyForDeploymentPostprocessing = 0;
		};
/* End PBXFrameworksBuildPhase section */

/* Begin PBXGroup section */
		ABB6AA831E73B79200ADD236 = {
			isa = PBXGroup;
			children = (
				ABB6AA8E1E73B79200ADD236 /* TipApp */,
				ABB6AAA31E73B79200ADD236 /* TipAppTests */,
				ABB6AA8D1E73B79200ADD236 /* Products */,
			);
			sourceTree = "<group>";
		};
		ABB6AA8D1E73B79200ADD236 /* Products */ = {
			isa = PBXGroup;
			children = (
				ABB6AA8C1E73B79200ADD236 /* TipApp.app */,
				ABB6AAA01E73B79200ADD236 /* TipAppTests.xctest */,
			);
			name = Products;
			sourceTree = "<group>";
		};
		ABB6AA8E1E73B79200ADD236 /* TipApp */ = {
			isa = PBXGroup;
			children = (
				ABB6AA8F1E73B79200ADD236 /* AppDelegate.swift */,
				ABB6AA911E73B79200ADD236 /* ViewController.swift */,
				ABB6AA931E73B79200ADD236 /* Main.storyboard */,
				ABF692A11E74F1EE00FC69A8 /* SettingsViewController.swift */,
				ABB6AA961E73B79200ADD236 /* Assets.xcassets */,
				ABB6AA981E73B79200ADD236 /* LaunchScreen.storyboard */,
				ABB6AA9B1E73B79200ADD236 /* Info.plist */,
			);
			path = TipApp;
			sourceTree = "<group>";
		};
		ABB6AAA31E73B79200ADD236 /* TipAppTests */ = {
			isa = PBXGroup;
			children = (
				ABB6AAA41E73B79200ADD236 /* TipAppTests.swift */,
				ABB6AAA61E73B79200ADD236 /* Info.plist */,
			);
			path = TipAppTests;
			sourceTree = "<group>";
		};
/* End PBXGroup section */

/* Begin PBXNativeTarget section */
		ABB6AA8B1E73B79200ADD236 /* TipApp */ = {
			isa = PBXNativeTarget;
			buildConfigurationList = ABB6AAA91E73B79200ADD236 /* Build configuration list for PBXNativeTarget "TipApp" */;
			buildPhases = (
				ABB6AA881E73B79200ADD236 /* Sources */,
				ABB6AA891E73B79200ADD236 /* Frameworks */,
				ABB6AA8A1E73B79200ADD236 /* Resources */,
			);
			buildRules = (
			);
			dependencies = (
			);
			name = TipApp;
			productName = TipApp;
			productReference = ABB6AA8C1E73B79200ADD236 /* TipApp.app */;
			productType = "com.apple.product-type.application";
		};
		ABB6AA9F1E73B79200ADD236 /* TipAppTests */ = {
			isa = PBXNativeTarget;
			buildConfigurationList = ABB6AAAC1E73B79200ADD236 /* Build configuration list for PBXNativeTarget "TipAppTests" */;
			buildPhases = (
				ABB6AA9C1E73B79200ADD236 /* Sources */,
				ABB6AA9D1E73B79200ADD236 /* Frameworks */,
				ABB6AA9E1E73B79200ADD236 /* Resources */,
			);
			buildRules = (
			);
			dependencies = (
				ABB6AAA21E73B79200ADD236 /* PBXTargetDependency */,
			);
			name = TipAppTests;
			productName = TipAppTests;
			productReference = ABB6AAA01E73B79200ADD236 /* TipAppTests.xctest */;
			productType = "com.apple.product-type.bundle.unit-test";
		};
/* End PBXNativeTarget section */

/* Begin PBXProject section */
		ABB6AA841E73B79200ADD236 /* Project object */ = {
			isa = PBXProject;
			attributes = {
				LastSwiftUpdateCheck = 0820;
				LastUpgradeCheck = 0820;
				ORGANIZATIONNAME = hollywoodno;
				TargetAttributes = {
					ABB6AA8B1E73B79200ADD236 = {
						CreatedOnToolsVersion = 8.2.1;
						ProvisioningStyle = Automatic;
					};
					ABB6AA9F1E73B79200ADD236 = {
						CreatedOnToolsVersion = 8.2.1;
						ProvisioningStyle = Automatic;
						TestTargetID = ABB6AA8B1E73B79200ADD236;
					};
				};
			};
			buildConfigurationList = ABB6AA871E73B79200ADD236 /* Build configuration list for PBXProject "TipApp" */;
			compatibilityVersion = "Xcode 3.2";
			developmentRegion = English;
			hasScannedForEncodings = 0;
			knownRegions = (
				en,
				Base,
			);
			mainGroup = ABB6AA831E73B79200ADD236;
			productRefGroup = ABB6AA8D1E73B79200ADD236 /* Products */;
			projectDirPath = "";
			projectRoot = "";
			targets = (
				ABB6AA8B1E73B79200ADD236 /* TipApp */,
				ABB6AA9F1E73B79200ADD236 /* TipAppTests */,
			);
		};
/* End PBXProject section */

/* Begin PBXResourcesBuildPhase section */
		ABB6AA8A1E73B79200ADD236 /* Resources */ = {
			isa = PBXResourcesBuildPhase;
			buildActionMask = 2147483647;
			files = (
				ABB6AA9A1E73B79200ADD236 /* LaunchScreen.storyboard in Resources */,
				ABB6AA971E73B79200ADD236 /* Assets.xcassets in Resources */,
				ABB6AA951E73B79200ADD236 /* Main.storyboard in Resources */,
			);
			runOnlyForDeploymentPostprocessing = 0;
		};
		ABB6AA9E1E73B79200ADD236 /* Resources */ = {
			isa = PBXResourcesBuildPhase;
			buildActionMask = 2147483647;
			files = (
			);
			runOnlyForDeploymentPostprocessing = 0;
		};
/* End PBXResourcesBuildPhase section */

/* Begin PBXSourcesBuildPhase section */
		ABB6AA881E73B79200ADD236 /* Sources */ = {
			isa = PBXSourcesBuildPhase;
			buildActionMask = 2147483647;
			files = (
				ABB6AA921E73B79200ADD236 /* ViewController.swift in Sources */,
				ABB6AA901E73B79200ADD236 /* AppDelegate.swift in Sources */,
				ABF692A21E74F1EE00FC69A8 /* SettingsViewController.swift in Sources */,
			);
			runOnlyForDeploymentPostprocessing = 0;
		};
		ABB6AA9C1E73B79200ADD236 /* Sources */ = {
			isa = PBXSourcesBuildPhase;
			buildActionMask = 2147483647;
			files = (
				ABB6AAA51E73B79200ADD236 /* TipAppTests.swift in Sources */,
			);
			runOnlyForDeploymentPostprocessing = 0;
		};
/* End PBXSourcesBuildPhase section */

/* Begin PBXTargetDependency section */
		ABB6AAA21E73B79200ADD236 /* PBXTargetDependency */ = {
			isa = PBXTargetDependency;
			target = ABB6AA8B1E73B79200ADD236 /* TipApp */;
			targetProxy = ABB6AAA11E73B79200ADD236 /* PBXContainerItemProxy */;
		};
/* End PBXTargetDependency section */

/* Begin PBXVariantGroup section */
		ABB6AA931E73B79200ADD236 /* Main.storyboard */ = {
			isa = PBXVariantGroup;
			children = (
				ABB6AA941E73B79200ADD236 /* Base */,
			);
			name = Main.storyboard;
			sourceTree = "<group>";
		};
		ABB6AA981E73B79200ADD236 /* LaunchScreen.storyboard */ = {
			isa = PBXVariantGroup;
			children = (
				ABB6AA991E73B79200ADD236 /* Base */,
			);
			name = LaunchScreen.storyboard;
			sourceTree = "<group>";
		};
/* End PBXVariantGroup section */

/* Begin XCBuildConfiguration section */
		ABB6AAA71E73B79200ADD236 /* Debug */ = {
			isa = XCBuildConfiguration;
			buildSettings = {
				ALWAYS_SEARCH_USER_PATHS = NO;
				CLANG_ANALYZER_NONNULL = YES;
				CLANG_CXX_LANGUAGE_STANDARD = "gnu++0x";
				CLANG_CXX_LIBRARY = "libc++";
				CLANG_ENABLE_MODULES = YES;
				CLANG_ENABLE_OBJC_ARC = YES;
				CLANG_WARN_BOOL_CONVERSION = YES;
				CLANG_WARN_CONSTANT_CONVERSION = YES;
				CLANG_WARN_DIRECT_OBJC_ISA_USAGE = YES_ERROR;
				CLANG_WARN_DOCUMENTATION_COMMENTS = YES;
				CLANG_WARN_EMPTY_BODY = YES;
				CLANG_WARN_ENUM_CONVERSION = YES;
				CLANG_WARN_INFINITE_RECURSION = YES;
				CLANG_WARN_INT_CONVERSION = YES;
				CLANG_WARN_OBJC_ROOT_CLASS = YES_ERROR;
				CLANG_WARN_SUSPICIOUS_MOVE = YES;
				CLANG_WARN_UNREACHABLE_CODE = YES;
				CLANG_WARN__DUPLICATE_METHOD_MATCH = YES;
				"CODE_SIGN_IDENTITY[sdk=iphoneos*]" = "iPhone Developer";
				COPY_PHASE_STRIP = NO;
				DEBUG_INFORMATION_FORMAT = dwarf;
				ENABLE_STRICT_OBJC_MSGSEND = YES;
				ENABLE_TESTABILITY = YES;
				GCC_C_LANGUAGE_STANDARD = gnu99;
				GCC_DYNAMIC_NO_PIC = NO;
				GCC_NO_COMMON_BLOCKS = YES;
				GCC_OPTIMIZATION_LEVEL = 0;
				GCC_PREPROCESSOR_DEFINITIONS = (
					"DEBUG=1",
					"$(inherited)",
				);
				GCC_WARN_64_TO_32_BIT_CONVERSION = YES;
				GCC_WARN_ABOUT_RETURN_TYPE = YES_ERROR;
				GCC_WARN_UNDECLARED_SELECTOR = YES;
				GCC_WARN_UNINITIALIZED_AUTOS = YES_AGGRESSIVE;
				GCC_WARN_UNUSED_FUNCTION = YES;
				GCC_WARN_UNUSED_VARIABLE = YES;
				IPHONEOS_DEPLOYMENT_TARGET = 10.2;
				MTL_ENABLE_DEBUG_INFO = YES;
				ONLY_ACTIVE_ARCH = YES;
				SDKROOT = iphoneos;
				SWIFT_ACTIVE_COMPILATION_CONDITIONS = DEBUG;
				SWIFT_OPTIMIZATION_LEVEL = "-Onone";
			};
			name = Debug;
		};
		ABB6AAA81E73B79200ADD236 /* Release */ = {
			isa = XCBuildConfiguration;
			buildSettings = {
				ALWAYS_SEARCH_USER_PATHS = NO;
				CLANG_ANALYZER_NONNULL = YES;
				CLANG_CXX_LANGUAGE_STANDARD = "gnu++0x";
				CLANG_CXX_LIBRARY = "libc++";
				CLANG_ENABLE_MODULES = YES;
				CLANG_ENABLE_OBJC_ARC = YES;
				CLANG_WARN_BOOL_CONVERSION = YES;
				CLANG_WARN_CONSTANT_CONVERSION = YES;
				CLANG_WARN_DIRECT_OBJC_ISA_USAGE = YES_ERROR;
				CLANG_WARN_DOCUMENTATION_COMMENTS = YES;
				CLANG_WARN_EMPTY_BODY = YES;
				CLANG_WARN_ENUM_CONVERSION = YES;
				CLANG_WARN_INFINITE_RECURSION = YES;
				CLANG_WARN_INT_CONVERSION = YES;
				CLANG_WARN_OBJC_ROOT_CLASS = YES_ERROR;
				CLANG_WARN_SUSPICIOUS_MOVE = YES;
				CLANG_WARN_UNREACHABLE_CODE = YES;
				CLANG_WARN__DUPLICATE_METHOD_MATCH = YES;
				"CODE_SIGN_IDENTITY[sdk=iphoneos*]" = "iPhone Developer";
				COPY_PHASE_STRIP = NO;
				DEBUG_INFORMATION_FORMAT = "dwarf-with-dsym";
				ENABLE_NS_ASSERTIONS = NO;
				ENABLE_STRICT_OBJC_MSGSEND = YES;
				GCC_C_LANGUAGE_STANDARD = gnu99;
				GCC_NO_COMMON_BLOCKS = YES;
				GCC_WARN_64_TO_32_BIT_CONVERSION = YES;
				GCC_WARN_ABOUT_RETURN_TYPE = YES_ERROR;
				GCC_WARN_UNDECLARED_SELECTOR = YES;
				GCC_WARN_UNINITIALIZED_AUTOS = YES_AGGRESSIVE;
				GCC_WARN_UNUSED_FUNCTION = YES;
				GCC_WARN_UNUSED_VARIABLE = YES;
				IPHONEOS_DEPLOYMENT_TARGET = 10.2;
				MTL_ENABLE_DEBUG_INFO = NO;
				SDKROOT = iphoneos;
				SWIFT_OPTIMIZATION_LEVEL = "-Owholemodule";
				VALIDATE_PRODUCT = YES;
			};
			name = Release;
		};
		ABB6AAAA1E73B79200ADD236 /* Debug */ = {
			isa = XCBuildConfiguration;
			buildSettings = {
				ASSETCATALOG_COMPILER_APPICON_NAME = AppIcon;
				INFOPLIST_FILE = TipApp/Info.plist;
				LD_RUNPATH_SEARCH_PATHS = "$(inherited) @executable_path/Frameworks";
				PRODUCT_BUNDLE_IDENTIFIER = hollywodno.TipApp;
				PRODUCT_NAME = "$(TARGET_NAME)";
				SWIFT_VERSION = 3.0;
			};
			name = Debug;
		};
		ABB6AAAB1E73B79200ADD236 /* Release */ = {
			isa = XCBuildConfiguration;
			buildSettings = {
				ASSETCATALOG_COMPILER_APPICON_NAME = AppIcon;
				INFOPLIST_FILE = TipApp/Info.plist;
				LD_RUNPATH_SEARCH_PATHS = "$(inherited) @executable_path/Frameworks";
				PRODUCT_BUNDLE_IDENTIFIER = hollywodno.TipApp;
				PRODUCT_NAME = "$(TARGET_NAME)";
				SWIFT_VERSION = 3.0;
			};
			name = Release;
		};
		ABB6AAAD1E73B79200ADD236 /* Debug */ = {
			isa = XCBuildConfiguration;
			buildSettings = {
				ALWAYS_EMBED_SWIFT_STANDARD_LIBRARIES = YES;
				BUNDLE_LOADER = "$(TEST_HOST)";
				INFOPLIST_FILE = TipAppTests/Info.plist;
				LD_RUNPATH_SEARCH_PATHS = "$(inherited) @executable_path/Frameworks @loader_path/Frameworks";
				PRODUCT_BUNDLE_IDENTIFIER = hollywodno.TipAppTests;
				PRODUCT_NAME = "$(TARGET_NAME)";
				SWIFT_VERSION = 3.0;
				TEST_HOST = "$(BUILT_PRODUCTS_DIR)/TipApp.app/TipApp";
			};
			name = Debug;
		};
		ABB6AAAE1E73B79200ADD236 /* Release */ = {
			isa = XCBuildConfiguration;
			buildSettings = {
				ALWAYS_EMBED_SWIFT_STANDARD_LIBRARIES = YES;
				BUNDLE_LOADER = "$(TEST_HOST)";
				INFOPLIST_FILE = TipAppTests/Info.plist;
				LD_RUNPATH_SEARCH_PATHS = "$(inherited) @executable_path/Frameworks @loader_path/Frameworks";
				PRODUCT_BUNDLE_IDENTIFIER = hollywodno.TipAppTests;
				PRODUCT_NAME = "$(TARGET_NAME)";
				SWIFT_VERSION = 3.0;
				TEST_HOST = "$(BUILT_PRODUCTS_DIR)/TipApp.app/TipApp";
			};
			name = Release;
		};
/* End XCBuildConfiguration section */

/* Begin XCConfigurationList section */
		ABB6AA871E73B79200ADD236 /* Build configuration list for PBXProject "TipApp" */ = {
			isa = XCConfigurationList;
			buildConfigurations = (
				ABB6AAA71E73B79200ADD236 /* Debug */,
				ABB6AAA81E73B79200ADD236 /* Release */,
			);
			defaultConfigurationIsVisible = 0;
			defaultConfigurationName = Release;
		};
		ABB6AAA91E73B79200ADD236 /* Build configuration list for PBXNativeTarget "TipApp" */ = {
			isa = XCConfigurationList;
			buildConfigurations = (
				ABB6AAAA1E73B79200ADD236 /* Debug */,
				ABB6AAAB1E73B79200ADD236 /* Release */,
			);
			defaultConfigurationIsVisible = 0;
			defaultConfigurationName = Release;
		};
		ABB6AAAC1E73B79200ADD236 /* Build configuration list for PBXNativeTarget "TipAppTests" */ = {
			isa = XCConfigurationList;
			buildConfigurations = (
				ABB6AAAD1E73B79200ADD236 /* Debug */,
				ABB6AAAE1E73B79200ADD236 /* Release */,
			);
			defaultConfigurationIsVisible = 0;
			defaultConfigurationName = Release;
		};
/* End XCConfigurationList section */
	};
	rootObject = ABB6AA841E73B79200ADD236 /* Project object */;
}
